
Microsoft Visual Studio Solution File, Format Version 12.00
Project("{FAE04EC0-301F-11D3-BF4B-00C04F79EFBC}") = "FinancialCalculator.Web", "FinancialCalculator.Web\FinancialCalculator.Web.csproj", "{0D3D5EFD-A6C7-4741-9473-94431A398558}"
EndProject
Project("{2150E333-8FDC-42A3-9474-1A3956D46DE8}") = "Solution Items", "Solution Items", "{A78CE8D7-B883-4BC4-9FE9-9738D3893BD1}"
	ProjectSection(SolutionItems) = preProject
		docker-compose.yml = docker-compose.yml
	EndProjectSection
EndProject
Project("{FAE04EC0-301F-11D3-BF4B-00C04F79EFBC}") = "FinancialCalculator.Services.UnitTests", "FinancialCalculator.Services.UnitTests\FinancialCalculator.Services.UnitTests.csproj", "{9C0DE12B-0854-4642-96C7-BA5F34D4BDA3}"
EndProject
Project("{FAE04EC0-301F-11D3-BF4B-00C04F79EFBC}") = "FinancialCalculator.Services", "FinancialCalculator.Services\FinancialCalculator.Services.csproj", "{1CC1E4D6-DCDE-4C7C-A531-1CE3856DA4EC}"
EndProject
Global
	GlobalSection(SolutionConfigurationPlatforms) = preSolution
		Debug|Any CPU = Debug|Any CPU
		Release|Any CPU = Release|Any CPU
	EndGlobalSection
	GlobalSection(ProjectConfigurationPlatforms) = postSolution
		{0D3D5EFD-A6C7-4741-9473-94431A398558}.Debug|Any CPU.ActiveCfg = Debug|Any CPU
		{0D3D5EFD-A6C7-4741-9473-94431A398558}.Debug|Any CPU.Build.0 = Debug|Any CPU
		{0D3D5EFD-A6C7-4741-9473-94431A398558}.Release|Any CPU.ActiveCfg = Release|Any CPU
		{0D3D5EFD-A6C7-4741-9473-94431A398558}.Release|Any CPU.Build.0 = Release|Any CPU
		{9C0DE12B-0854-4642-96C7-BA5F34D4BDA3}.Debug|Any CPU.ActiveCfg = Debug|Any CPU
		{9C0DE12B-0854-4642-96C7-BA5F34D4BDA3}.Debug|Any CPU.Build.0 = Debug|Any CPU
		{9C0DE12B-0854-4642-96C7-BA5F34D4BDA3}.Release|Any CPU.ActiveCfg = Release|Any CPU
		{9C0DE12B-0854-4642-96C7-BA5F34D4BDA3}.Release|Any CPU.Build.0 = Release|Any CPU
		{1CC1E4D6-DCDE-4C7C-A531-1CE3856DA4EC}.Debug|Any CPU.ActiveCfg = Debug|Any CPU
		{1CC1E4D6-DCDE-4C7C-A531-1CE3856DA4EC}.Debug|Any CPU.Build.0 = Debug|Any CPU
		{1CC1E4D6-DCDE-4C7C-A531-1CE3856DA4EC}.Release|Any CPU.ActiveCfg = Release|Any CPU
		{1CC1E4D6-DCDE-4C7C-A531-1CE3856DA4EC}.Release|Any CPU.Build.0 = Release|Any CPU
	EndGlobalSection
EndGlobal
